
Microsoft Visual Studio Solution File, Format Version 12.00
# Visual Studio 2013
VisualStudioVersion = 12.0.31101.0
MinimumVisualStudioVersion = 10.0.40219.1
Project("{8BC9CEB8-8B4A-11D0-8D11-00A0C91BC942}") = "ConsoleApplication7", "ConsoleApplication7\ConsoleApplication7.vcxproj", "{063C58F9-E1ED-4C1E-9E1E-785C453C6626}"
EndProject
Global
	GlobalSection(SolutionConfigurationPlatforms) = preSolution
		Debug|Win32 = Debug|Win32
		Release|Win32 = Release|Win32
	EndGlobalSection
	GlobalSection(ProjectConfigurationPlatforms) = postSolution
		{063C58F9-E1ED-4C1E-9E1E-785C453C6626}.Debug|Win32.ActiveCfg = Debug|Win32
		{063C58F9-E1ED-4C1E-9E1E-785C453C6626}.Debug|Win32.Build.0 = Debug|Win32
		{063C58F9-E1ED-4C1E-9E1E-785C453C6626}.Release|Win32.ActiveCfg = Release|Win32
		{063C58F9-E1ED-4C1E-9E1E-785C453C6626}.Release|Win32.Build.0 = Release|Win32
	EndGlobalSection
	GlobalSection(SolutionProperties) = preSolution
		HideSolutionNode = FALSE
	EndGlobalSection
EndGlobal
